
Microsoft Visual Studio Solution File, Format Version 12.00
# Visual Studio 15
VisualStudioVersion = 15.0.28010.2036
MinimumVisualStudioVersion = 10.0.40219.1
Project("{FAE04EC0-301F-11D3-BF4B-00C04F79EFBC}") = "Client.FormIhm", "Client.FormIhm\Client.FormIhm.csproj", "{119A135F-27CD-4598-B870-250542A13D5F}"
	ProjectSection(ProjectDependencies) = postProject
		{7E881F1C-BF0D-4BB7-83C3-48B7875F124E} = {7E881F1C-BF0D-4BB7-83C3-48B7875F124E}
	EndProjectSection
EndProject
Project("{FAE04EC0-301F-11D3-BF4B-00C04F79EFBC}") = "ServicePim", "ServicePim\ServicePim.csproj", "{7E881F1C-BF0D-4BB7-83C3-48B7875F124E}"
EndProject
Project("{FAE04EC0-301F-11D3-BF4B-00C04F79EFBC}") = "Entities", "Entities\Entities.csproj", "{1B8C62CC-7DB4-469E-9FBE-899070031E5E}"
EndProject
Project("{FAE04EC0-301F-11D3-BF4B-00C04F79EFBC}") = "Models.AbstractDefinition", "Models.AbstractDefinition\Models.AbstractDefinition.csproj", "{EC8C09BD-D8B7-409D-A548-92C7A99ACF5A}"
EndProject
Project("{FAE04EC0-301F-11D3-BF4B-00C04F79EFBC}") = "Models.Factory", "Models.Factory\Models.Factory.csproj", "{267D1AB7-45B1-484F-A2CF-F7EAA024252B}"
EndProject
Project("{FAE04EC0-301F-11D3-BF4B-00C04F79EFBC}") = "Models.Natif", "Models.Natif\Models.Natif.csproj", "{AC4483FB-AA7B-46E8-8C1E-0526861B6144}"
EndProject
Project("{FAE04EC0-301F-11D3-BF4B-00C04F79EFBC}") = "Models.sql", "Models.sql\Models.sql.csproj", "{96437372-254E-406C-8816-1A18D732A714}"
EndProject
Project("{FAE04EC0-301F-11D3-BF4B-00C04F79EFBC}") = "ServiceHost", "ServiceHost\ServiceHost.csproj", "{6EF72FF3-01CB-496A-9673-A4278849101D}"
EndProject
Global
	GlobalSection(SolutionConfigurationPlatforms) = preSolution
		Debug|Any CPU = Debug|Any CPU
		Release|Any CPU = Release|Any CPU
	EndGlobalSection
	GlobalSection(ProjectConfigurationPlatforms) = postSolution
		{119A135F-27CD-4598-B870-250542A13D5F}.Debug|Any CPU.ActiveCfg = Debug|Any CPU
		{119A135F-27CD-4598-B870-250542A13D5F}.Debug|Any CPU.Build.0 = Debug|Any CPU
		{119A135F-27CD-4598-B870-250542A13D5F}.Release|Any CPU.ActiveCfg = Release|Any CPU
		{119A135F-27CD-4598-B870-250542A13D5F}.Release|Any CPU.Build.0 = Release|Any CPU
		{7E881F1C-BF0D-4BB7-83C3-48B7875F124E}.Debug|Any CPU.ActiveCfg = Debug|Any CPU
		{7E881F1C-BF0D-4BB7-83C3-48B7875F124E}.Debug|Any CPU.Build.0 = Debug|Any CPU
		{7E881F1C-BF0D-4BB7-83C3-48B7875F124E}.Release|Any CPU.ActiveCfg = Release|Any CPU
		{7E881F1C-BF0D-4BB7-83C3-48B7875F124E}.Release|Any CPU.Build.0 = Release|Any CPU
		{1B8C62CC-7DB4-469E-9FBE-899070031E5E}.Debug|Any CPU.ActiveCfg = Debug|Any CPU
		{1B8C62CC-7DB4-469E-9FBE-899070031E5E}.Debug|Any CPU.Build.0 = Debug|Any CPU
		{1B8C62CC-7DB4-469E-9FBE-899070031E5E}.Release|Any CPU.ActiveCfg = Release|Any CPU
		{1B8C62CC-7DB4-469E-9FBE-899070031E5E}.Release|Any CPU.Build.0 = Release|Any CPU
		{EC8C09BD-D8B7-409D-A548-92C7A99ACF5A}.Debug|Any CPU.ActiveCfg = Debug|Any CPU
		{EC8C09BD-D8B7-409D-A548-92C7A99ACF5A}.Debug|Any CPU.Build.0 = Debug|Any CPU
		{EC8C09BD-D8B7-409D-A548-92C7A99ACF5A}.Release|Any CPU.ActiveCfg = Release|Any CPU
		{EC8C09BD-D8B7-409D-A548-92C7A99ACF5A}.Release|Any CPU.Build.0 = Release|Any CPU
		{267D1AB7-45B1-484F-A2CF-F7EAA024252B}.Debug|Any CPU.ActiveCfg = Debug|Any CPU
		{267D1AB7-45B1-484F-A2CF-F7EAA024252B}.Debug|Any CPU.Build.0 = Debug|Any CPU
		{267D1AB7-45B1-484F-A2CF-F7EAA024252B}.Release|Any CPU.ActiveCfg = Release|Any CPU
		{267D1AB7-45B1-484F-A2CF-F7EAA024252B}.Release|Any CPU.Build.0 = Release|Any CPU
		{AC4483FB-AA7B-46E8-8C1E-0526861B6144}.Debug|Any CPU.ActiveCfg = Debug|Any CPU
		{AC4483FB-AA7B-46E8-8C1E-0526861B6144}.Debug|Any CPU.Build.0 = Debug|Any CPU
		{AC4483FB-AA7B-46E8-8C1E-0526861B6144}.Release|Any CPU.ActiveCfg = Release|Any CPU
		{AC4483FB-AA7B-46E8-8C1E-0526861B6144}.Release|Any CPU.Build.0 = Release|Any CPU
		{96437372-254E-406C-8816-1A18D732A714}.Debug|Any CPU.ActiveCfg = Debug|Any CPU
		{96437372-254E-406C-8816-1A18D732A714}.Debug|Any CPU.Build.0 = Debug|Any CPU
		{96437372-254E-406C-8816-1A18D732A714}.Release|Any CPU.ActiveCfg = Release|Any CPU
		{96437372-254E-406C-8816-1A18D732A714}.Release|Any CPU.Build.0 = Release|Any CPU
		{6EF72FF3-01CB-496A-9673-A4278849101D}.Debug|Any CPU.ActiveCfg = Debug|Any CPU
		{6EF72FF3-01CB-496A-9673-A4278849101D}.Debug|Any CPU.Build.0 = Debug|Any CPU
		{6EF72FF3-01CB-496A-9673-A4278849101D}.Release|Any CPU.ActiveCfg = Release|Any CPU
		{6EF72FF3-01CB-496A-9673-A4278849101D}.Release|Any CPU.Build.0 = Release|Any CPU
	EndGlobalSection
	GlobalSection(SolutionProperties) = preSolution
		HideSolutionNode = FALSE
	EndGlobalSection
	GlobalSection(ExtensibilityGlobals) = postSolution
		SolutionGuid = {6752E752-5510-48D4-90F8-56655C76BF18}
	EndGlobalSection
EndGlobal
